{
    "_meta": {
        "hash": {
            "sha256": "3617db4a0d644cb91426b8112d5b1c2f658ca1f718ba55c34b7a8fc7a508874e"
        },
        "pipfile-spec": 6,
        "requires": {
            "python_version": "3.12.7"
        },
        "sources": [
            {
                "name": "pypi",
                "url": "https://pypi.org/simple",
                "verify_ssl": true
            }
        ]
    },
    "default": {},
    "develop": {}
}
